// !$*UTF8*$!
{
	archiveVersion = 1;
	classes = {
	};
	objectVersion = 55;
	objects = {

/* Begin PBXBuildFile section */
		5D25485B28A9106600F8E16A /* AppDelegate.swift in Sources */ = {isa = PBXBuildFile; fileRef = 5D25485A28A9106600F8E16A /* AppDelegate.swift */; };
		5D25485D28A9106600F8E16A /* SceneDelegate.swift in Sources */ = {isa = PBXBuildFile; fileRef = 5D25485C28A9106600F8E16A /* SceneDelegate.swift */; };
		5D25486228A9106600F8E16A /* Main.storyboard in Resources */ = {isa = PBXBuildFile; fileRef = 5D25486028A9106600F8E16A /* Main.storyboard */; };
		5D25486428A9106700F8E16A /* Assets.xcassets in Resources */ = {isa = PBXBuildFile; fileRef = 5D25486328A9106700F8E16A /* Assets.xcassets */; };
		5D25486728A9106700F8E16A /* LaunchScreen.storyboard in Resources */ = {isa = PBXBuildFile; fileRef = 5D25486528A9106700F8E16A /* LaunchScreen.storyboard */; };
		5D25486F28A9150000F8E16A /* PreviewPage.swift in Sources */ = {isa = PBXBuildFile; fileRef = 5D25486E28A9150000F8E16A /* PreviewPage.swift */; };
		5D25487128A9160400F8E16A /* ArtCoverCell.swift in Sources */ = {isa = PBXBuildFile; fileRef = 5D25487028A9160400F8E16A /* ArtCoverCell.swift */; };
		5D25487528A9265400F8E16A /* SecondPage.swift in Sources */ = {isa = PBXBuildFile; fileRef = 5D25487428A9265400F8E16A /* SecondPage.swift */; };
/* End PBXBuildFile section */

/* Begin PBXFileReference section */
		5D25485728A9106600F8E16A /* UI Kit testing part 3 - UICollectionView_Music cover.app */ = {isa = PBXFileReference; explicitFileType = wrapper.application; includeInIndex = 0; path = "UI Kit testing part 3 - UICollectionView_Music cover.app"; sourceTree = BUILT_PRODUCTS_DIR; };
		5D25485A28A9106600F8E16A /* AppDelegate.swift */ = {isa = PBXFileReference; lastKnownFileType = sourcecode.swift; path = AppDelegate.swift; sourceTree = "<group>"; };
		5D25485C28A9106600F8E16A /* SceneDelegate.swift */ = {isa = PBXFileReference; lastKnownFileType = sourcecode.swift; path = SceneDelegate.swift; sourceTree = "<group>"; };
		5D25486128A9106600F8E16A /* Base */ = {isa = PBXFileReference; lastKnownFileType = file.storyboard; name = Base; path = Base.lproj/Main.storyboard; sourceTree = "<group>"; };
		5D25486328A9106700F8E16A /* Assets.xcassets */ = {isa = PBXFileReference; lastKnownFileType = folder.assetcatalog; path = Assets.xcassets; sourceTree = "<group>"; };
		5D25486628A9106700F8E16A /* Base */ = {isa = PBXFileReference; lastKnownFileType = file.storyboard; name = Base; path = Base.lproj/LaunchScreen.storyboard; sourceTree = "<group>"; };
		5D25486828A9106700F8E16A /* Info.plist */ = {isa = PBXFileReference; lastKnownFileType = text.plist.xml; path = Info.plist; sourceTree = "<group>"; };
		5D25486E28A9150000F8E16A /* PreviewPage.swift */ = {isa = PBXFileReference; lastKnownFileType = sourcecode.swift; path = PreviewPage.swift; sourceTree = "<group>"; };
		5D25487028A9160400F8E16A /* ArtCoverCell.swift */ = {isa = PBXFileReference; lastKnownFileType = sourcecode.swift; path = ArtCoverCell.swift; sourceTree = "<group>"; };
		5D25487428A9265400F8E16A /* SecondPage.swift */ = {isa = PBXFileReference; lastKnownFileType = sourcecode.swift; path = SecondPage.swift; sourceTree = "<group>"; };
/* End PBXFileReference section */

/* Begin PBXFrameworksBuildPhase section */
		5D25485428A9106600F8E16A /* Frameworks */ = {
			isa = PBXFrameworksBuildPhase;
			buildActionMask = 2147483647;
			files = (
			);
			runOnlyForDeploymentPostprocessing = 0;
		};
/* End PBXFrameworksBuildPhase section */

/* Begin PBXGroup section */
		5D25484E28A9106600F8E16A = {
			isa = PBXGroup;
			children = (
				5D25485928A9106600F8E16A /* UI Kit testing part 3 - UICollectionView_Music cover */,
				5D25485828A9106600F8E16A /* Products */,
			);
			sourceTree = "<group>";
		};
		5D25485828A9106600F8E16A /* Products */ = {
			isa = PBXGroup;
			children = (
				5D25485728A9106600F8E16A /* UI Kit testing part 3 - UICollectionView_Music cover.app */,
			);
			name = Products;
			sourceTree = "<group>";
		};
		5D25485928A9106600F8E16A /* UI Kit testing part 3 - UICollectionView_Music cover */ = {
			isa = PBXGroup;
			children = (
				5D25485A28A9106600F8E16A /* AppDelegate.swift */,
				5D25485C28A9106600F8E16A /* SceneDelegate.swift */,
				5D25486028A9106600F8E16A /* Main.storyboard */,
				5D25487028A9160400F8E16A /* ArtCoverCell.swift */,
				5D25486E28A9150000F8E16A /* PreviewPage.swift */,
				5D25487428A9265400F8E16A /* SecondPage.swift */,
				5D25486328A9106700F8E16A /* Assets.xcassets */,
				5D25486528A9106700F8E16A /* LaunchScreen.storyboard */,
				5D25486828A9106700F8E16A /* Info.plist */,
			);
			path = "UI Kit testing part 3 - UICollectionView_Music cover";
			sourceTree = "<group>";
		};
/* End PBXGroup section */

/* Begin PBXNativeTarget section */
		5D25485628A9106600F8E16A /* UI Kit testing part 3 - UICollectionView_Music cover */ = {
			isa = PBXNativeTarget;
			buildConfigurationList = 5D25486B28A9106700F8E16A /* Build configuration list for PBXNativeTarget "UI Kit testing part 3 - UICollectionView_Music cover" */;
			buildPhases = (
				5D25485328A9106600F8E16A /* Sources */,
				5D25485428A9106600F8E16A /* Frameworks */,
				5D25485528A9106600F8E16A /* Resources */,
			);
			buildRules = (
			);
			dependencies = (
			);
			name = "UI Kit testing part 3 - UICollectionView_Music cover";
			productName = "UI Kit testing part 3 - UICollectionView_Music cover";
			productReference = 5D25485728A9106600F8E16A /* UI Kit testing part 3 - UICollectionView_Music cover.app */;
			productType = "com.apple.product-type.application";
		};
/* End PBXNativeTarget section */

/* Begin PBXProject section */
		5D25484F28A9106600F8E16A /* Project object */ = {
			isa = PBXProject;
			attributes = {
				BuildIndependentTargetsInParallel = 1;
				LastSwiftUpdateCheck = 1340;
				LastUpgradeCheck = 1340;
				TargetAttributes = {
					5D25485628A9106600F8E16A = {
						CreatedOnToolsVersion = 13.4.1;
					};
				};
			};
			buildConfigurationList = 5D25485228A9106600F8E16A /* Build configuration list for PBXProject "UI Kit testing part 3 - UICollectionView_Music cover" */;
			compatibilityVersion = "Xcode 13.0";
			developmentRegion = en;
			hasScannedForEncodings = 0;
			knownRegions = (
				en,
				Base,
			);
			mainGroup = 5D25484E28A9106600F8E16A;
			productRefGroup = 5D25485828A9106600F8E16A /* Products */;
			projectDirPath = "";
			projectRoot = "";
			targets = (
				5D25485628A9106600F8E16A /* UI Kit testing part 3 - UICollectionView_Music cover */,
			);
		};
/* End PBXProject section */

/* Begin PBXResourcesBuildPhase section */
		5D25485528A9106600F8E16A /* Resources */ = {
			isa = PBXResourcesBuildPhase;
			buildActionMask = 2147483647;
			files = (
				5D25486728A9106700F8E16A /* LaunchScreen.storyboard in Resources */,
				5D25486428A9106700F8E16A /* Assets.xcassets in Resources */,
				5D25486228A9106600F8E16A /* Main.storyboard in Resources */,
			);
			runOnlyForDeploymentPostprocessing = 0;
		};
/* End PBXResourcesBuildPhase section */

/* Begin PBXSourcesBuildPhase section */
		5D25485328A9106600F8E16A /* Sources */ = {
			isa = PBXSourcesBuildPhase;
			buildActionMask = 2147483647;
			files = (
				5D25486F28A9150000F8E16A /* PreviewPage.swift in Sources */,
				5D25487528A9265400F8E16A /* SecondPage.swift in Sources */,
				5D25485B28A9106600F8E16A /* AppDelegate.swift in Sources */,
				5D25485D28A9106600F8E16A /* SceneDelegate.swift in Sources */,
				5D25487128A9160400F8E16A /* ArtCoverCell.swift in Sources */,
			);
			runOnlyForDeploymentPostprocessing = 0;
		};
/* End PBXSourcesBuildPhase section */

/* Begin PBXVariantGroup section */
		5D25486028A9106600F8E16A /* Main.storyboard */ = {
			isa = PBXVariantGroup;
			children = (
				5D25486128A9106600F8E16A /* Base */,
			);
			name = Main.storyboard;
			sourceTree = "<group>";
		};
		5D25486528A9106700F8E16A /* LaunchScreen.storyboard */ = {
			isa = PBXVariantGroup;
			children = (
				5D25486628A9106700F8E16A /* Base */,
			);
			name = LaunchScreen.storyboard;
			sourceTree = "<group>";
		};
/* End PBXVariantGroup section */

/* Begin XCBuildConfiguration section */
		5D25486928A9106700F8E16A /* Debug */ = {
			isa = XCBuildConfiguration;
			buildSettings = {
				ALWAYS_SEARCH_USER_PATHS = NO;
				CLANG_ANALYZER_NONNULL = YES;
				CLANG_ANALYZER_NUMBER_OBJECT_CONVERSION = YES_AGGRESSIVE;
				CLANG_CXX_LANGUAGE_STANDARD = "gnu++17";
				CLANG_ENABLE_MODULES = YES;
				CLANG_ENABLE_OBJC_ARC = YES;
				CLANG_ENABLE_OBJC_WEAK = YES;
				CLANG_WARN_BLOCK_CAPTURE_AUTORELEASING = YES;
				CLANG_WARN_BOOL_CONVERSION = YES;
				CLANG_WARN_COMMA = YES;
				CLANG_WARN_CONSTANT_CONVERSION = YES;
				CLANG_WARN_DEPRECATED_OBJC_IMPLEMENTATIONS = YES;
				CLANG_WARN_DIRECT_OBJC_ISA_USAGE = YES_ERROR;
				CLANG_WARN_DOCUMENTATION_COMMENTS = YES;
				CLANG_WARN_EMPTY_BODY = YES;
				CLANG_WARN_ENUM_CONVERSION = YES;
				CLANG_WARN_INFINITE_RECURSION = YES;
				CLANG_WARN_INT_CONVERSION = YES;
				CLANG_WARN_NON_LITERAL_NULL_CONVERSION = YES;
				CLANG_WARN_OBJC_IMPLICIT_RETAIN_SELF = YES;
				CLANG_WARN_OBJC_LITERAL_CONVERSION = YES;
				CLANG_WARN_OBJC_ROOT_CLASS = YES_ERROR;
				CLANG_WARN_QUOTED_INCLUDE_IN_FRAMEWORK_HEADER = YES;
				CLANG_WARN_RANGE_LOOP_ANALYSIS = YES;
				CLANG_WARN_STRICT_PROTOTYPES = YES;
				CLANG_WARN_SUSPICIOUS_MOVE = YES;
				CLANG_WARN_UNGUARDED_AVAILABILITY = YES_AGGRESSIVE;
				CLANG_WARN_UNREACHABLE_CODE = YES;
				CLANG_WARN__DUPLICATE_METHOD_MATCH = YES;
				COPY_PHASE_STRIP = NO;
				DEBUG_INFORMATION_FORMAT = dwarf;
				ENABLE_STRICT_OBJC_MSGSEND = YES;
				ENABLE_TESTABILITY = YES;
				GCC_C_LANGUAGE_STANDARD = gnu11;
				GCC_DYNAMIC_NO_PIC = NO;
				GCC_NO_COMMON_BLOCKS = YES;
				GCC_OPTIMIZATION_LEVEL = 0;
				GCC_PREPROCESSOR_DEFINITIONS = (
					"DEBUG=1",
					"$(inherited)",
				);
				GCC_WARN_64_TO_32_BIT_CONVERSION = YES;
				GCC_WARN_ABOUT_RETURN_TYPE = YES_ERROR;
				GCC_WARN_UNDECLARED_SELECTOR = YES;
				GCC_WARN_UNINITIALIZED_AUTOS = YES_AGGRESSIVE;
				GCC_WARN_UNUSED_FUNCTION = YES;
				GCC_WARN_UNUSED_VARIABLE = YES;
				IPHONEOS_DEPLOYMENT_TARGET = 15.5;
				MTL_ENABLE_DEBUG_INFO = INCLUDE_SOURCE;
				MTL_FAST_MATH = YES;
				ONLY_ACTIVE_ARCH = YES;
				SDKROOT = iphoneos;
				SWIFT_ACTIVE_COMPILATION_CONDITIONS = DEBUG;
				SWIFT_OPTIMIZATION_LEVEL = "-Onone";
			};
			name = Debug;
		};
		5D25486A28A9106700F8E16A /* Release */ = {
			isa = XCBuildConfiguration;
			buildSettings = {
				ALWAYS_SEARCH_USER_PATHS = NO;
				CLANG_ANALYZER_NONNULL = YES;
				CLANG_ANALYZER_NUMBER_OBJECT_CONVERSION = YES_AGGRESSIVE;
				CLANG_CXX_LANGUAGE_STANDARD = "gnu++17";
				CLANG_ENABLE_MODULES = YES;
				CLANG_ENABLE_OBJC_ARC = YES;
				CLANG_ENABLE_OBJC_WEAK = YES;
				CLANG_WARN_BLOCK_CAPTURE_AUTORELEASING = YES;
				CLANG_WARN_BOOL_CONVERSION = YES;
				CLANG_WARN_COMMA = YES;
				CLANG_WARN_CONSTANT_CONVERSION = YES;
				CLANG_WARN_DEPRECATED_OBJC_IMPLEMENTATIONS = YES;
				CLANG_WARN_DIRECT_OBJC_ISA_USAGE = YES_ERROR;
				CLANG_WARN_DOCUMENTATION_COMMENTS = YES;
				CLANG_WARN_EMPTY_BODY = YES;
				CLANG_WARN_ENUM_CONVERSION = YES;
				CLANG_WARN_INFINITE_RECURSION = YES;
				CLANG_WARN_INT_CONVERSION = YES;
				CLANG_WARN_NON_LITERAL_NULL_CONVERSION = YES;
				CLANG_WARN_OBJC_IMPLICIT_RETAIN_SELF = YES;
				CLANG_WARN_OBJC_LITERAL_CONVERSION = YES;
				CLANG_WARN_OBJC_ROOT_CLASS = YES_ERROR;
				CLANG_WARN_QUOTED_INCLUDE_IN_FRAMEWORK_HEADER = YES;
				CLANG_WARN_RANGE_LOOP_ANALYSIS = YES;
				CLANG_WARN_STRICT_PROTOTYPES = YES;
				CLANG_WARN_SUSPICIOUS_MOVE = YES;
				CLANG_WARN_UNGUARDED_AVAILABILITY = YES_AGGRESSIVE;
				CLANG_WARN_UNREACHABLE_CODE = YES;
				CLANG_WARN__DUPLICATE_METHOD_MATCH = YES;
				COPY_PHASE_STRIP = NO;
				DEBUG_INFORMATION_FORMAT = "dwarf-with-dsym";
				ENABLE_NS_ASSERTIONS = NO;
				ENABLE_STRICT_OBJC_MSGSEND = YES;
				GCC_C_LANGUAGE_STANDARD = gnu11;
				GCC_NO_COMMON_BLOCKS = YES;
				GCC_WARN_64_TO_32_BIT_CONVERSION = YES;
				GCC_WARN_ABOUT_RETURN_TYPE = YES_ERROR;
				GCC_WARN_UNDECLARED_SELECTOR = YES;
				GCC_WARN_UNINITIALIZED_AUTOS = YES_AGGRESSIVE;
				GCC_WARN_UNUSED_FUNCTION = YES;
				GCC_WARN_UNUSED_VARIABLE = YES;
				IPHONEOS_DEPLOYMENT_TARGET = 15.5;
				MTL_ENABLE_DEBUG_INFO = NO;
				MTL_FAST_MATH = YES;
				SDKROOT = iphoneos;
				SWIFT_COMPILATION_MODE = wholemodule;
				SWIFT_OPTIMIZATION_LEVEL = "-O";
				VALIDATE_PRODUCT = YES;
			};
			name = Release;
		};
		5D25486C28A9106700F8E16A /* Debug */ = {
			isa = XCBuildConfiguration;
			buildSettings = {
				ASSETCATALOG_COMPILER_APPICON_NAME = AppIcon;
				ASSETCATALOG_COMPILER_GLOBAL_ACCENT_COLOR_NAME = AccentColor;
				CODE_SIGN_STYLE = Automatic;
				CURRENT_PROJECT_VERSION = 1;
				DEVELOPMENT_TEAM = M2J472Y56P;
				GENERATE_INFOPLIST_FILE = YES;
				INFOPLIST_FILE = "UI Kit testing part 3 - UICollectionView_Music cover/Info.plist";
				INFOPLIST_KEY_UIApplicationSupportsIndirectInputEvents = YES;
				INFOPLIST_KEY_UILaunchStoryboardName = LaunchScreen;
				INFOPLIST_KEY_UIMainStoryboardFile = Main;
				INFOPLIST_KEY_UISupportedInterfaceOrientations_iPad = "UIInterfaceOrientationPortrait UIInterfaceOrientationPortraitUpsideDown UIInterfaceOrientationLandscapeLeft UIInterfaceOrientationLandscapeRight";
				INFOPLIST_KEY_UISupportedInterfaceOrientations_iPhone = "UIInterfaceOrientationPortrait UIInterfaceOrientationLandscapeLeft UIInterfaceOrientationLandscapeRight";
				LD_RUNPATH_SEARCH_PATHS = (
					"$(inherited)",
					"@executable_path/Frameworks",
				);
				MARKETING_VERSION = 1.0;
				PRODUCT_BUNDLE_IDENTIFIER = "personal.UI-Kit-testing-part-3---UICollectionView-Music-cover";
				PRODUCT_NAME = "$(TARGET_NAME)";
				SWIFT_EMIT_LOC_STRINGS = YES;
				SWIFT_VERSION = 5.0;
				TARGETED_DEVICE_FAMILY = "1,2";
			};
			name = Debug;
		};
		5D25486D28A9106700F8E16A /* Release */ = {
			isa = XCBuildConfiguration;
			buildSettings = {
				ASSETCATALOG_COMPILER_APPICON_NAME = AppIcon;
				ASSETCATALOG_COMPILER_GLOBAL_ACCENT_COLOR_NAME = AccentColor;
				CODE_SIGN_STYLE = Automatic;
				CURRENT_PROJECT_VERSION = 1;
				DEVELOPMENT_TEAM = M2J472Y56P;
				GENERATE_INFOPLIST_FILE = YES;
				INFOPLIST_FILE = "UI Kit testing part 3 - UICollectionView_Music cover/Info.plist";
				INFOPLIST_KEY_UIApplicationSupportsIndirectInputEvents = YES;
				INFOPLIST_KEY_UILaunchStoryboardName = LaunchScreen;
				INFOPLIST_KEY_UIMainStoryboardFile = Main;
				INFOPLIST_KEY_UISupportedInterfaceOrientations_iPad = "UIInterfaceOrientationPortrait UIInterfaceOrientationPortraitUpsideDown UIInterfaceOrientationLandscapeLeft UIInterfaceOrientationLandscapeRight";
				INFOPLIST_KEY_UISupportedInterfaceOrientations_iPhone = "UIInterfaceOrientationPortrait UIInterfaceOrientationLandscapeLeft UIInterfaceOrientationLandscapeRight";
				LD_RUNPATH_SEARCH_PATHS = (
					"$(inherited)",
					"@executable_path/Frameworks",
				);
				MARKETING_VERSION = 1.0;
				PRODUCT_BUNDLE_IDENTIFIER = "personal.UI-Kit-testing-part-3---UICollectionView-Music-cover";
				PRODUCT_NAME = "$(TARGET_NAME)";
				SWIFT_EMIT_LOC_STRINGS = YES;
				SWIFT_VERSION = 5.0;
				TARGETED_DEVICE_FAMILY = "1,2";
			};
			name = Release;
		};
/* End XCBuildConfiguration section */

/* Begin XCConfigurationList section */
		5D25485228A9106600F8E16A /* Build configuration list for PBXProject "UI Kit testing part 3 - UICollectionView_Music cover" */ = {
			isa = XCConfigurationList;
			buildConfigurations = (
				5D25486928A9106700F8E16A /* Debug */,
				5D25486A28A9106700F8E16A /* Release */,
			);
			defaultConfigurationIsVisible = 0;
			defaultConfigurationName = Release;
		};
		5D25486B28A9106700F8E16A /* Build configuration list for PBXNativeTarget "UI Kit testing part 3 - UICollectionView_Music cover" */ = {
			isa = XCConfigurationList;
			buildConfigurations = (
				5D25486C28A9106700F8E16A /* Debug */,
				5D25486D28A9106700F8E16A /* Release */,
			);
			defaultConfigurationIsVisible = 0;
			defaultConfigurationName = Release;
		};
/* End XCConfigurationList section */
	};
	rootObject = 5D25484F28A9106600F8E16A /* Project object */;
}
